
Microsoft Visual Studio Solution File, Format Version 12.00
# Visual Studio Version 17
VisualStudioVersion = 17.11.35312.102
MinimumVisualStudioVersion = 10.0.40219.1
Project("{9A19103F-16F7-4668-BE54-9A1E7A4F7556}") = "Veto.Pdf.Service", "Veto.Pdf.Service\Veto.Pdf.Service.csproj", "{C55E5DDB-325D-440E-905A-AD7CEA82D5B6}"
EndProject
Project("{9A19103F-16F7-4668-BE54-9A1E7A4F7556}") = "Veto.Pdf.Service.Models", "Veto.Pdf.Models\Veto.Pdf.Service.Models.csproj", "{75720E46-89E1-425A-AFD4-307234A01DDD}"
EndProject
Global
	GlobalSection(SolutionConfigurationPlatforms) = preSolution
		Debug|Any CPU = Debug|Any CPU
		Release|Any CPU = Release|Any CPU
	EndGlobalSection
	GlobalSection(ProjectConfigurationPlatforms) = postSolution
		{C55E5DDB-325D-440E-905A-AD7CEA82D5B6}.Debug|Any CPU.ActiveCfg = Debug|Any CPU
		{C55E5DDB-325D-440E-905A-AD7CEA82D5B6}.Debug|Any CPU.Build.0 = Debug|Any CPU
		{C55E5DDB-325D-440E-905A-AD7CEA82D5B6}.Release|Any CPU.ActiveCfg = Release|Any CPU
		{C55E5DDB-325D-440E-905A-AD7CEA82D5B6}.Release|Any CPU.Build.0 = Release|Any CPU
		{75720E46-89E1-425A-AFD4-307234A01DDD}.Debug|Any CPU.ActiveCfg = Debug|Any CPU
		{75720E46-89E1-425A-AFD4-307234A01DDD}.Debug|Any CPU.Build.0 = Debug|Any CPU
		{75720E46-89E1-425A-AFD4-307234A01DDD}.Release|Any CPU.ActiveCfg = Release|Any CPU
		{75720E46-89E1-425A-AFD4-307234A01DDD}.Release|Any CPU.Build.0 = Release|Any CPU
	EndGlobalSection
	GlobalSection(SolutionProperties) = preSolution
		HideSolutionNode = FALSE
	EndGlobalSection
	GlobalSection(ExtensibilityGlobals) = postSolution
		SolutionGuid = {95CE6E7F-F660-4772-9985-FB5FF32B7D13}
	EndGlobalSection
EndGlobal
